Microsoft Visual Studio Solution File, Format Version 12.00
# Visual Studio Version 16
VisualStudioVersion = 16.0.30621.155
MinimumVisualStudioVersion = 10.0.40219.1
Project("{9A19103F-16F7-4668-BE54-9A1E7A4F7556}") = "Final_Project", "Final_Project\Final_Project.csproj", "{45952203-A00B-46AA-82C7-30AD6222EAF3}"
EndProject
Global
	GlobalSection(SolutionConfigurationPlatforms) = preSolution
		Debug|Any CPU = Debug|Any CPU
		Release|Any CPU = Release|Any CPU
	EndGlobalSection
	GlobalSection(ProjectConfigurationPlatforms) = postSolution
		{45952203-A00B-46AA-82C7-30AD6222EAF3}.Debug|Any CPU.ActiveCfg = Debug|Any CPU
		{45952203-A00B-46AA-82C7-30AD6222EAF3}.Debug|Any CPU.Build.0 = Debug|Any CPU
		{45952203-A00B-46AA-82C7-30AD6222EAF3}.Release|Any CPU.ActiveCfg = Release|Any CPU
		{45952203-A00B-46AA-82C7-30AD6222EAF3}.Release|Any CPU.Build.0 = Release|Any CPU
	EndGlobalSection
	GlobalSection(SolutionProperties) = preSolution
		HideSolutionNode = FALSE
	EndGlobalSection
	GlobalSection(ExtensibilityGlobals) = postSolution
		SolutionGuid = {23E812CE-F53E-4BCD-8757-73B13CE99FE0}
	EndGlobalSection
EndGlobal
